
Microsoft Visual Studio Solution File, Format Version 12.00
# Visual Studio 15
VisualStudioVersion = 15.0.28010.2046
MinimumVisualStudioVersion = 10.0.40219.1
Project("{FAE04EC0-301F-11D3-BF4B-00C04F79EFBC}") = "ToolSet", "ToolSet\ToolSet.csproj", "{B79A1D86-22C2-42A9-8119-F5B12E214927}"
EndProject
Project("{FAE04EC0-301F-11D3-BF4B-00C04F79EFBC}") = "ToolSet.UnitTests", "ToolSet.UnitTests\ToolSet.UnitTests.csproj", "{8EDF4429-251A-416D-BB68-93F227191BCF}"
EndProject
Global
	GlobalSection(SolutionConfigurationPlatforms) = preSolution
		Debug|Any CPU = Debug|Any CPU
		Release|Any CPU = Release|Any CPU
	EndGlobalSection
	GlobalSection(ProjectConfigurationPlatforms) = postSolution
		{B79A1D86-22C2-42A9-8119-F5B12E214927}.Debug|Any CPU.ActiveCfg = Debug|Any CPU
		{B79A1D86-22C2-42A9-8119-F5B12E214927}.Debug|Any CPU.Build.0 = Debug|Any CPU
		{B79A1D86-22C2-42A9-8119-F5B12E214927}.Release|Any CPU.ActiveCfg = Release|Any CPU
		{B79A1D86-22C2-42A9-8119-F5B12E214927}.Release|Any CPU.Build.0 = Release|Any CPU
		{8EDF4429-251A-416D-BB68-93F227191BCF}.Debug|Any CPU.ActiveCfg = Debug|Any CPU
		{8EDF4429-251A-416D-BB68-93F227191BCF}.Debug|Any CPU.Build.0 = Debug|Any CPU
		{8EDF4429-251A-416D-BB68-93F227191BCF}.Release|Any CPU.ActiveCfg = Release|Any CPU
		{8EDF4429-251A-416D-BB68-93F227191BCF}.Release|Any CPU.Build.0 = Release|Any CPU
	EndGlobalSection
	GlobalSection(SolutionProperties) = preSolution
		HideSolutionNode = FALSE
	EndGlobalSection
	GlobalSection(ExtensibilityGlobals) = postSolution
		SolutionGuid = {1FCAB238-DBC3-4957-AF56-B9309F16E8C5}
	EndGlobalSection
	GlobalSection(TeamFoundationVersionControl) = preSolution
		SccNumberOfProjects = 3
		SccEnterpriseProvider = {4CA58AB2-18FA-4F8D-95D4-32DDF27D184C}
		SccTeamFoundationServer = http://196.202.126.106:8080/tfs/defaultcollection
		SccLocalPath0 = .
		SccProjectUniqueName1 = ToolSet\\ToolSet.csproj
		SccProjectName1 = ToolSet
		SccLocalPath1 = ToolSet
		SccProjectUniqueName2 = ToolSet.UnitTests\\ToolSet.UnitTests.csproj
		SccProjectName2 = ToolSet.UnitTests
		SccLocalPath2 = ToolSet.UnitTests
	EndGlobalSection
EndGlobal
